
Microsoft Visual Studio Solution File, Format Version 12.00
# Visual Studio Version 16
VisualStudioVersion = 16.0.30717.126
MinimumVisualStudioVersion = 10.0.40219.1
Project("{FAE04EC0-301F-11D3-BF4B-00C04F79EFBC}") = "Actividad2 Solid", "Actividad2 Solid\Actividad2 Solid.csproj", "{B2C64502-56EC-4A1F-90EB-661E61BCA26A}"
EndProject
Project("{2150E333-8FDC-42A3-9474-1A3956D46DE8}") = "Solution Items", "Solution Items", "{5F7ACFF5-6A07-4067-BBD6-9E379463AD83}"
	ProjectSection(SolutionItems) = preProject
		Abierto_Cerrado.cs = Abierto_Cerrado.cs
		Inversionde_de_pendendcia.cs = Inversionde_de_pendendcia.cs
		liskov_Sustitucion.cs = liskov_Sustitucion.cs
		ResponsabilidadUnica.cs = ResponsabilidadUnica.cs
		Segregacion.cs = Segregacion.cs
	EndProjectSection
EndProject
Global
	GlobalSection(SolutionConfigurationPlatforms) = preSolution
		Debug|Any CPU = Debug|Any CPU
		Release|Any CPU = Release|Any CPU
	EndGlobalSection
	GlobalSection(ProjectConfigurationPlatforms) = postSolution
		{B2C64502-56EC-4A1F-90EB-661E61BCA26A}.Debug|Any CPU.ActiveCfg = Debug|Any CPU
		{B2C64502-56EC-4A1F-90EB-661E61BCA26A}.Debug|Any CPU.Build.0 = Debug|Any CPU
		{B2C64502-56EC-4A1F-90EB-661E61BCA26A}.Release|Any CPU.ActiveCfg = Release|Any CPU
		{B2C64502-56EC-4A1F-90EB-661E61BCA26A}.Release|Any CPU.Build.0 = Release|Any CPU
	EndGlobalSection
	GlobalSection(SolutionProperties) = preSolution
		HideSolutionNode = FALSE
	EndGlobalSection
	GlobalSection(ExtensibilityGlobals) = postSolution
		SolutionGuid = {EC8187C5-55D2-4F1A-86CB-E01F2D9AAFC7}
	EndGlobalSection
EndGlobal
